
Microsoft Visual Studio Solution File, Format Version 12.00
# Visual Studio Version 16
VisualStudioVersion = 16.0.29009.5
MinimumVisualStudioVersion = 10.0.40219.1
Project("{8BC9CEB8-8B4A-11D0-8D11-00A0C91BC942}") = "12.1", "12.1\12.1.vcxproj", "{3E12C81E-FF8D-4061-8DED-B8D8CA248E74}"
EndProject
Project("{8BC9CEB8-8B4A-11D0-8D11-00A0C91BC942}") = "12.2", "12.2\12.2.vcxproj", "{33B49709-E343-44DE-916D-C8859E4F9212}"
EndProject
Project("{8BC9CEB8-8B4A-11D0-8D11-00A0C91BC942}") = "12.3", "12.3\12.3.vcxproj", "{731F9CAE-C3BC-445E-AD7A-B543D6C8BCA2}"
EndProject
Project("{8BC9CEB8-8B4A-11D0-8D11-00A0C91BC942}") = "12.4", "12.4\12.4.vcxproj", "{636E70D4-0EFE-4C09-B412-006452F216E0}"
EndProject
Project("{8BC9CEB8-8B4A-11D0-8D11-00A0C91BC942}") = "12.5", "12.5\12.5.vcxproj", "{457E3BDA-5849-4615-8878-D0EDCAC6B3B5}"
EndProject
Project("{8BC9CEB8-8B4A-11D0-8D11-00A0C91BC942}") = "12.6", "12.6\12.6.vcxproj", "{3697EBCE-53DA-4FFF-9535-B8F149D176CD}"
EndProject
Project("{8BC9CEB8-8B4A-11D0-8D11-00A0C91BC942}") = "12.7", "12.7\12.7.vcxproj", "{4010219E-E393-4C06-B738-1CE8C5D29DA4}"
EndProject
Project("{8BC9CEB8-8B4A-11D0-8D11-00A0C91BC942}") = "12.8", "12.8\12.8.vcxproj", "{B299BE14-96AC-4A99-88A7-27EDBC21D332}"
EndProject
Project("{8BC9CEB8-8B4A-11D0-8D11-00A0C91BC942}") = "12.9", "12.9\12.9.vcxproj", "{4733BABF-5A67-4F6A-A89A-0667FB0070F4}"
EndProject
Project("{8BC9CEB8-8B4A-11D0-8D11-00A0C91BC942}") = "12.10", "12.10\12.10.vcxproj", "{2B6946F5-7711-451C-93D9-E759DD10AA6B}"
EndProject
Project("{8BC9CEB8-8B4A-11D0-8D11-00A0C91BC942}") = "12.11", "12.11\12.11.vcxproj", "{6F4E1458-209A-4C88-801F-2959E512EF04}"
EndProject
Global
	GlobalSection(SolutionConfigurationPlatforms) = preSolution
		Debug|x64 = Debug|x64
		Debug|x86 = Debug|x86
		Release|x64 = Release|x64
		Release|x86 = Release|x86
	EndGlobalSection
	GlobalSection(ProjectConfigurationPlatforms) = postSolution
		{3E12C81E-FF8D-4061-8DED-B8D8CA248E74}.Debug|x64.ActiveCfg = Debug|x64
		{3E12C81E-FF8D-4061-8DED-B8D8CA248E74}.Debug|x64.Build.0 = Debug|x64
		{3E12C81E-FF8D-4061-8DED-B8D8CA248E74}.Debug|x86.ActiveCfg = Debug|Win32
		{3E12C81E-FF8D-4061-8DED-B8D8CA248E74}.Debug|x86.Build.0 = Debug|Win32
		{3E12C81E-FF8D-4061-8DED-B8D8CA248E74}.Release|x64.ActiveCfg = Release|x64
		{3E12C81E-FF8D-4061-8DED-B8D8CA248E74}.Release|x64.Build.0 = Release|x64
		{3E12C81E-FF8D-4061-8DED-B8D8CA248E74}.Release|x86.ActiveCfg = Release|Win32
		{3E12C81E-FF8D-4061-8DED-B8D8CA248E74}.Release|x86.Build.0 = Release|Win32
		{33B49709-E343-44DE-916D-C8859E4F9212}.Debug|x64.ActiveCfg = Debug|x64
		{33B49709-E343-44DE-916D-C8859E4F9212}.Debug|x64.Build.0 = Debug|x64
		{33B49709-E343-44DE-916D-C8859E4F9212}.Debug|x86.ActiveCfg = Debug|Win32
		{33B49709-E343-44DE-916D-C8859E4F9212}.Debug|x86.Build.0 = Debug|Win32
		{33B49709-E343-44DE-916D-C8859E4F9212}.Release|x64.ActiveCfg = Release|x64
		{33B49709-E343-44DE-916D-C8859E4F9212}.Release|x64.Build.0 = Release|x64
		{33B49709-E343-44DE-916D-C8859E4F9212}.Release|x86.ActiveCfg = Release|Win32
		{33B49709-E343-44DE-916D-C8859E4F9212}.Release|x86.Build.0 = Release|Win32
		{731F9CAE-C3BC-445E-AD7A-B543D6C8BCA2}.Debug|x64.ActiveCfg = Debug|x64
		{731F9CAE-C3BC-445E-AD7A-B543D6C8BCA2}.Debug|x64.Build.0 = Debug|x64
		{731F9CAE-C3BC-445E-AD7A-B543D6C8BCA2}.Debug|x86.ActiveCfg = Debug|Win32
		{731F9CAE-C3BC-445E-AD7A-B543D6C8BCA2}.Debug|x86.Build.0 = Debug|Win32
		{731F9CAE-C3BC-445E-AD7A-B543D6C8BCA2}.Release|x64.ActiveCfg = Release|x64
		{731F9CAE-C3BC-445E-AD7A-B543D6C8BCA2}.Release|x64.Build.0 = Release|x64
		{731F9CAE-C3BC-445E-AD7A-B543D6C8BCA2}.Release|x86.ActiveCfg = Release|Win32
		{731F9CAE-C3BC-445E-AD7A-B543D6C8BCA2}.Release|x86.Build.0 = Release|Win32
		{636E70D4-0EFE-4C09-B412-006452F216E0}.Debug|x64.ActiveCfg = Debug|x64
		{636E70D4-0EFE-4C09-B412-006452F216E0}.Debug|x64.Build.0 = Debug|x64
		{636E70D4-0EFE-4C09-B412-006452F216E0}.Debug|x86.ActiveCfg = Debug|Win32
		{636E70D4-0EFE-4C09-B412-006452F216E0}.Debug|x86.Build.0 = Debug|Win32
		{636E70D4-0EFE-4C09-B412-006452F216E0}.Release|x64.ActiveCfg = Release|x64
		{636E70D4-0EFE-4C09-B412-006452F216E0}.Release|x64.Build.0 = Release|x64
		{636E70D4-0EFE-4C09-B412-006452F216E0}.Release|x86.ActiveCfg = Release|Win32
		{636E70D4-0EFE-4C09-B412-006452F216E0}.Release|x86.Build.0 = Release|Win32
		{457E3BDA-5849-4615-8878-D0EDCAC6B3B5}.Debug|x64.ActiveCfg = Debug|x64
		{457E3BDA-5849-4615-8878-D0EDCAC6B3B5}.Debug|x64.Build.0 = Debug|x64
		{457E3BDA-5849-4615-8878-D0EDCAC6B3B5}.Debug|x86.ActiveCfg = Debug|Win32
		{457E3BDA-5849-4615-8878-D0EDCAC6B3B5}.Debug|x86.Build.0 = Debug|Win32
		{457E3BDA-5849-4615-8878-D0EDCAC6B3B5}.Release|x64.ActiveCfg = Release|x64
		{457E3BDA-5849-4615-8878-D0EDCAC6B3B5}.Release|x64.Build.0 = Release|x64
		{457E3BDA-5849-4615-8878-D0EDCAC6B3B5}.Release|x86.ActiveCfg = Release|Win32
		{457E3BDA-5849-4615-8878-D0EDCAC6B3B5}.Release|x86.Build.0 = Release|Win32
		{3697EBCE-53DA-4FFF-9535-B8F149D176CD}.Debug|x64.ActiveCfg = Debug|x64
		{3697EBCE-53DA-4FFF-9535-B8F149D176CD}.Debug|x64.Build.0 = Debug|x64
		{3697EBCE-53DA-4FFF-9535-B8F149D176CD}.Debug|x86.ActiveCfg = Debug|Win32
		{3697EBCE-53DA-4FFF-9535-B8F149D176CD}.Debug|x86.Build.0 = Debug|Win32
		{3697EBCE-53DA-4FFF-9535-B8F149D176CD}.Release|x64.ActiveCfg = Release|x64
		{3697EBCE-53DA-4FFF-9535-B8F149D176CD}.Release|x64.Build.0 = Release|x64
		{3697EBCE-53DA-4FFF-9535-B8F149D176CD}.Release|x86.ActiveCfg = Release|Win32
		{3697EBCE-53DA-4FFF-9535-B8F149D176CD}.Release|x86.Build.0 = Release|Win32
		{4010219E-E393-4C06-B738-1CE8C5D29DA4}.Debug|x64.ActiveCfg = Debug|x64
		{4010219E-E393-4C06-B738-1CE8C5D29DA4}.Debug|x64.Build.0 = Debug|x64
		{4010219E-E393-4C06-B738-1CE8C5D29DA4}.Debug|x86.ActiveCfg = Debug|Win32
		{4010219E-E393-4C06-B738-1CE8C5D29DA4}.Debug|x86.Build.0 = Debug|Win32
		{4010219E-E393-4C06-B738-1CE8C5D29DA4}.Release|x64.ActiveCfg = Release|x64
		{4010219E-E393-4C06-B738-1CE8C5D29DA4}.Release|x64.Build.0 = Release|x64
		{4010219E-E393-4C06-B738-1CE8C5D29DA4}.Release|x86.ActiveCfg = Release|Win32
		{4010219E-E393-4C06-B738-1CE8C5D29DA4}.Release|x86.Build.0 = Release|Win32
		{B299BE14-96AC-4A99-88A7-27EDBC21D332}.Debug|x64.ActiveCfg = Debug|x64
		{B299BE14-96AC-4A99-88A7-27EDBC21D332}.Debug|x64.Build.0 = Debug|x64
		{B299BE14-96AC-4A99-88A7-27EDBC21D332}.Debug|x86.ActiveCfg = Debug|Win32
		{B299BE14-96AC-4A99-88A7-27EDBC21D332}.Debug|x86.Build.0 = Debug|Win32
		{B299BE14-96AC-4A99-88A7-27EDBC21D332}.Release|x64.ActiveCfg = Release|x64
		{B299BE14-96AC-4A99-88A7-27EDBC21D332}.Release|x64.Build.0 = Release|x64
		{B299BE14-96AC-4A99-88A7-27EDBC21D332}.Release|x86.ActiveCfg = Release|Win32
		{B299BE14-96AC-4A99-88A7-27EDBC21D332}.Release|x86.Build.0 = Release|Win32
		{4733BABF-5A67-4F6A-A89A-0667FB0070F4}.Debug|x64.ActiveCfg = Debug|x64
		{4733BABF-5A67-4F6A-A89A-0667FB0070F4}.Debug|x64.Build.0 = Debug|x64
		{4733BABF-5A67-4F6A-A89A-0667FB0070F4}.Debug|x86.ActiveCfg = Debug|Win32
		{4733BABF-5A67-4F6A-A89A-0667FB0070F4}.Debug|x86.Build.0 = Debug|Win32
		{4733BABF-5A67-4F6A-A89A-0667FB0070F4}.Release|x64.ActiveCfg = Release|x64
		{4733BABF-5A67-4F6A-A89A-0667FB0070F4}.Release|x64.Build.0 = Release|x64
		{4733BABF-5A67-4F6A-A89A-0667FB0070F4}.Release|x86.ActiveCfg = Release|Win32
		{4733BABF-5A67-4F6A-A89A-0667FB0070F4}.Release|x86.Build.0 = Release|Win32
		{2B6946F5-7711-451C-93D9-E759DD10AA6B}.Debug|x64.ActiveCfg = Debug|x64
		{2B6946F5-7711-451C-93D9-E759DD10AA6B}.Debug|x64.Build.0 = Debug|x64
		{2B6946F5-7711-451C-93D9-E759DD10AA6B}.Debug|x86.ActiveCfg = Debug|Win32
		{2B6946F5-7711-451C-93D9-E759DD10AA6B}.Debug|x86.Build.0 = Debug|Win32
		{2B6946F5-7711-451C-93D9-E759DD10AA6B}.Release|x64.ActiveCfg = Release|x64
		{2B6946F5-7711-451C-93D9-E759DD10AA6B}.Release|x64.Build.0 = Release|x64
		{2B6946F5-7711-451C-93D9-E759DD10AA6B}.Release|x86.ActiveCfg = Release|Win32
		{2B6946F5-7711-451C-93D9-E759DD10AA6B}.Release|x86.Build.0 = Release|Win32
		{6F4E1458-209A-4C88-801F-2959E512EF04}.Debug|x64.ActiveCfg = Debug|x64
		{6F4E1458-209A-4C88-801F-2959E512EF04}.Debug|x64.Build.0 = Debug|x64
		{6F4E1458-209A-4C88-801F-2959E512EF04}.Debug|x86.ActiveCfg = Debug|Win32
		{6F4E1458-209A-4C88-801F-2959E512EF04}.Debug|x86.Build.0 = Debug|Win32
		{6F4E1458-209A-4C88-801F-2959E512EF04}.Release|x64.ActiveCfg = Release|x64
		{6F4E1458-209A-4C88-801F-2959E512EF04}.Release|x64.Build.0 = Release|x64
		{6F4E1458-209A-4C88-801F-2959E512EF04}.Release|x86.ActiveCfg = Release|Win32
		{6F4E1458-209A-4C88-801F-2959E512EF04}.Release|x86.Build.0 = Release|Win32
	EndGlobalSection
	GlobalSection(SolutionProperties) = preSolution
		HideSolutionNode = FALSE
	EndGlobalSection
	GlobalSection(ExtensibilityGlobals) = postSolution
		SolutionGuid = {409D848A-CDDF-4363-833F-5682F0632542}
	EndGlobalSection
EndGlobal
